
Microsoft Visual Studio Solution File, Format Version 12.00
# Visual Studio Version 17
VisualStudioVersion = 17.11.35219.272
MinimumVisualStudioVersion = 10.0.40219.1
Project("{FAE04EC0-301F-11D3-BF4B-00C04F79EFBC}") = "WPFWorkshop", "WPFWorkshop.csproj", "{E5730DAE-CC91-4078-8394-7BA4103BA978}"
EndProject
Global
	GlobalSection(SolutionConfigurationPlatforms) = preSolution
		Debug|Any CPU = Debug|Any CPU
		Release|Any CPU = Release|Any CPU
	EndGlobalSection
	GlobalSection(ProjectConfigurationPlatforms) = postSolution
		{E5730DAE-CC91-4078-8394-7BA4103BA978}.Debug|Any CPU.ActiveCfg = Debug|Any CPU
		{E5730DAE-CC91-4078-8394-7BA4103BA978}.Debug|Any CPU.Build.0 = Debug|Any CPU
		{E5730DAE-CC91-4078-8394-7BA4103BA978}.Release|Any CPU.ActiveCfg = Release|Any CPU
		{E5730DAE-CC91-4078-8394-7BA4103BA978}.Release|Any CPU.Build.0 = Release|Any CPU
	EndGlobalSection
	GlobalSection(SolutionProperties) = preSolution
		HideSolutionNode = FALSE
	EndGlobalSection
	GlobalSection(ExtensibilityGlobals) = postSolution
		SolutionGuid = {BC6A311C-D37D-4FF8-9B71-4E2C6EFA1CF5}
	EndGlobalSection
EndGlobal
